// !$*UTF8*$!
{
	archiveVersion = 1;
	classes = {
	};
	objectVersion = 56;
	objects = {

/* Begin PBXBuildFile section */
		BD37D7612C5A2DA500EA8F5D /* toDoListApp.swift in Sources */ = {isa = PBXBuildFile; fileRef = BD37D7602C5A2DA500EA8F5D /* toDoListApp.swift */; };
		BD37D7632C5A2DA500EA8F5D /* ContentView.swift in Sources */ = {isa = PBXBuildFile; fileRef = BD37D7622C5A2DA500EA8F5D /* ContentView.swift */; };
		BD37D7652C5A2DA700EA8F5D /* Assets.xcassets in Resources */ = {isa = PBXBuildFile; fileRef = BD37D7642C5A2DA700EA8F5D /* Assets.xcassets */; };
		BD37D7682C5A2DA700EA8F5D /* Preview Assets.xcassets in Resources */ = {isa = PBXBuildFile; fileRef = BD37D7672C5A2DA700EA8F5D /* Preview Assets.xcassets */; };
		BD37D7722C5A2DA700EA8F5D /* toDoListTests.swift in Sources */ = {isa = PBXBuildFile; fileRef = BD37D7712C5A2DA700EA8F5D /* toDoListTests.swift */; };
		BD37D77C2C5A2DA700EA8F5D /* toDoListUITests.swift in Sources */ = {isa = PBXBuildFile; fileRef = BD37D77B2C5A2DA700EA8F5D /* toDoListUITests.swift */; };
		BD37D77E2C5A2DA700EA8F5D /* toDoListUITestsLaunchTests.swift in Sources */ = {isa = PBXBuildFile; fileRef = BD37D77D2C5A2DA700EA8F5D /* toDoListUITestsLaunchTests.swift */; };
		BD37D78B2C5A2F6F00EA8F5D /* newToDoView.swift in Sources */ = {isa = PBXBuildFile; fileRef = BD37D78A2C5A2F6F00EA8F5D /* newToDoView.swift */; };
/* End PBXBuildFile section */

/* Begin PBXContainerItemProxy section */
		BD37D76E2C5A2DA700EA8F5D /* PBXContainerItemProxy */ = {
			isa = PBXContainerItemProxy;
			containerPortal = BD37D7552C5A2DA500EA8F5D /* Project object */;
			proxyType = 1;
			remoteGlobalIDString = BD37D75C2C5A2DA500EA8F5D;
			remoteInfo = toDoList;
		};
		BD37D7782C5A2DA700EA8F5D /* PBXContainerItemProxy */ = {
			isa = PBXContainerItemProxy;
			containerPortal = BD37D7552C5A2DA500EA8F5D /* Project object */;
			proxyType = 1;
			remoteGlobalIDString = BD37D75C2C5A2DA500EA8F5D;
			remoteInfo = toDoList;
		};
/* End PBXContainerItemProxy section */

/* Begin PBXFileReference section */
		BD37D75D2C5A2DA500EA8F5D /* toDoList.app */ = {isa = PBXFileReference; explicitFileType = wrapper.application; includeInIndex = 0; path = toDoList.app; sourceTree = BUILT_PRODUCTS_DIR; };
		BD37D7602C5A2DA500EA8F5D /* toDoListApp.swift */ = {isa = PBXFileReference; lastKnownFileType = sourcecode.swift; path = toDoListApp.swift; sourceTree = "<group>"; };
		BD37D7622C5A2DA500EA8F5D /* ContentView.swift */ = {isa = PBXFileReference; lastKnownFileType = sourcecode.swift; path = ContentView.swift; sourceTree = "<group>"; };
		BD37D7642C5A2DA700EA8F5D /* Assets.xcassets */ = {isa = PBXFileReference; lastKnownFileType = folder.assetcatalog; path = Assets.xcassets; sourceTree = "<group>"; };
		BD37D7672C5A2DA700EA8F5D /* Preview Assets.xcassets */ = {isa = PBXFileReference; lastKnownFileType = folder.assetcatalog; path = "Preview Assets.xcassets"; sourceTree = "<group>"; };
		BD37D76D2C5A2DA700EA8F5D /* toDoListTests.xctest */ = {isa = PBXFileReference; explicitFileType = wrapper.cfbundle; includeInIndex = 0; path = toDoListTests.xctest; sourceTree = BUILT_PRODUCTS_DIR; };
		BD37D7712C5A2DA700EA8F5D /* toDoListTests.swift */ = {isa = PBXFileReference; lastKnownFileType = sourcecode.swift; path = toDoListTests.swift; sourceTree = "<group>"; };
		BD37D7772C5A2DA700EA8F5D /* toDoListUITests.xctest */ = {isa = PBXFileReference; explicitFileType = wrapper.cfbundle; includeInIndex = 0; path = toDoListUITests.xctest; sourceTree = BUILT_PRODUCTS_DIR; };
		BD37D77B2C5A2DA700EA8F5D /* toDoListUITests.swift */ = {isa = PBXFileReference; lastKnownFileType = sourcecode.swift; path = toDoListUITests.swift; sourceTree = "<group>"; };
		BD37D77D2C5A2DA700EA8F5D /* toDoListUITestsLaunchTests.swift */ = {isa = PBXFileReference; lastKnownFileType = sourcecode.swift; path = toDoListUITestsLaunchTests.swift; sourceTree = "<group>"; };
		BD37D78A2C5A2F6F00EA8F5D /* newToDoView.swift */ = {isa = PBXFileReference; lastKnownFileType = sourcecode.swift; path = newToDoView.swift; sourceTree = "<group>"; };
/* End PBXFileReference section */

/* Begin PBXFrameworksBuildPhase section */
		BD37D75A2C5A2DA500EA8F5D /* Frameworks */ = {
			isa = PBXFrameworksBuildPhase;
			buildActionMask = 2147483647;
			files = (
			);
			runOnlyForDeploymentPostprocessing = 0;
		};
		BD37D76A2C5A2DA700EA8F5D /* Frameworks */ = {
			isa = PBXFrameworksBuildPhase;
			buildActionMask = 2147483647;
			files = (
			);
			runOnlyForDeploymentPostprocessing = 0;
		};
		BD37D7742C5A2DA700EA8F5D /* Frameworks */ = {
			isa = PBXFrameworksBuildPhase;
			buildActionMask = 2147483647;
			files = (
			);
			runOnlyForDeploymentPostprocessing = 0;
		};
/* End PBXFrameworksBuildPhase section */

/* Begin PBXGroup section */
		BD37D7542C5A2DA500EA8F5D = {
			isa = PBXGroup;
			children = (
				BD37D75F2C5A2DA500EA8F5D /* toDoList */,
				BD37D7702C5A2DA700EA8F5D /* toDoListTests */,
				BD37D77A2C5A2DA700EA8F5D /* toDoListUITests */,
				BD37D75E2C5A2DA500EA8F5D /* Products */,
			);
			sourceTree = "<group>";
		};
		BD37D75E2C5A2DA500EA8F5D /* Products */ = {
			isa = PBXGroup;
			children = (
				BD37D75D2C5A2DA500EA8F5D /* toDoList.app */,
				BD37D76D2C5A2DA700EA8F5D /* toDoListTests.xctest */,
				BD37D7772C5A2DA700EA8F5D /* toDoListUITests.xctest */,
			);
			name = Products;
			sourceTree = "<group>";
		};
		BD37D75F2C5A2DA500EA8F5D /* toDoList */ = {
			isa = PBXGroup;
			children = (
				BD37D7602C5A2DA500EA8F5D /* toDoListApp.swift */,
				BD37D7622C5A2DA500EA8F5D /* ContentView.swift */,
				BD37D78A2C5A2F6F00EA8F5D /* newToDoView.swift */,
				BD37D7642C5A2DA700EA8F5D /* Assets.xcassets */,
				BD37D7662C5A2DA700EA8F5D /* Preview Content */,
			);
			path = toDoList;
			sourceTree = "<group>";
		};
		BD37D7662C5A2DA700EA8F5D /* Preview Content */ = {
			isa = PBXGroup;
			children = (
				BD37D7672C5A2DA700EA8F5D /* Preview Assets.xcassets */,
			);
			path = "Preview Content";
			sourceTree = "<group>";
		};
		BD37D7702C5A2DA700EA8F5D /* toDoListTests */ = {
			isa = PBXGroup;
			children = (
				BD37D7712C5A2DA700EA8F5D /* toDoListTests.swift */,
			);
			path = toDoListTests;
			sourceTree = "<group>";
		};
		BD37D77A2C5A2DA700EA8F5D /* toDoListUITests */ = {
			isa = PBXGroup;
			children = (
				BD37D77B2C5A2DA700EA8F5D /* toDoListUITests.swift */,
				BD37D77D2C5A2DA700EA8F5D /* toDoListUITestsLaunchTests.swift */,
			);
			path = toDoListUITests;
			sourceTree = "<group>";
		};
/* End PBXGroup section */

/* Begin PBXNativeTarget section */
		BD37D75C2C5A2DA500EA8F5D /* toDoList */ = {
			isa = PBXNativeTarget;
			buildConfigurationList = BD37D7812C5A2DA700EA8F5D /* Build configuration list for PBXNativeTarget "toDoList" */;
			buildPhases = (
				BD37D7592C5A2DA500EA8F5D /* Sources */,
				BD37D75A2C5A2DA500EA8F5D /* Frameworks */,
				BD37D75B2C5A2DA500EA8F5D /* Resources */,
			);
			buildRules = (
			);
			dependencies = (
			);
			name = toDoList;
			productName = toDoList;
			productReference = BD37D75D2C5A2DA500EA8F5D /* toDoList.app */;
			productType = "com.apple.product-type.application";
		};
		BD37D76C2C5A2DA700EA8F5D /* toDoListTests */ = {
			isa = PBXNativeTarget;
			buildConfigurationList = BD37D7842C5A2DA700EA8F5D /* Build configuration list for PBXNativeTarget "toDoListTests" */;
			buildPhases = (
				BD37D7692C5A2DA700EA8F5D /* Sources */,
				BD37D76A2C5A2DA700EA8F5D /* Frameworks */,
				BD37D76B2C5A2DA700EA8F5D /* Resources */,
			);
			buildRules = (
			);
			dependencies = (
				BD37D76F2C5A2DA700EA8F5D /* PBXTargetDependency */,
			);
			name = toDoListTests;
			productName = toDoListTests;
			productReference = BD37D76D2C5A2DA700EA8F5D /* toDoListTests.xctest */;
			productType = "com.apple.product-type.bundle.unit-test";
		};
		BD37D7762C5A2DA700EA8F5D /* toDoListUITests */ = {
			isa = PBXNativeTarget;
			buildConfigurationList = BD37D7872C5A2DA700EA8F5D /* Build configuration list for PBXNativeTarget "toDoListUITests" */;
			buildPhases = (
				BD37D7732C5A2DA700EA8F5D /* Sources */,
				BD37D7742C5A2DA700EA8F5D /* Frameworks */,
				BD37D7752C5A2DA700EA8F5D /* Resources */,
			);
			buildRules = (
			);
			dependencies = (
				BD37D7792C5A2DA700EA8F5D /* PBXTargetDependency */,
			);
			name = toDoListUITests;
			productName = toDoListUITests;
			productReference = BD37D7772C5A2DA700EA8F5D /* toDoListUITests.xctest */;
			productType = "com.apple.product-type.bundle.ui-testing";
		};
/* End PBXNativeTarget section */

/* Begin PBXProject section */
		BD37D7552C5A2DA500EA8F5D /* Project object */ = {
			isa = PBXProject;
			attributes = {
				BuildIndependentTargetsInParallel = 1;
				LastSwiftUpdateCheck = 1540;
				LastUpgradeCheck = 1540;
				TargetAttributes = {
					BD37D75C2C5A2DA500EA8F5D = {
						CreatedOnToolsVersion = 15.4;
					};
					BD37D76C2C5A2DA700EA8F5D = {
						CreatedOnToolsVersion = 15.4;
						TestTargetID = BD37D75C2C5A2DA500EA8F5D;
					};
					BD37D7762C5A2DA700EA8F5D = {
						CreatedOnToolsVersion = 15.4;
						TestTargetID = BD37D75C2C5A2DA500EA8F5D;
					};
				};
			};
			buildConfigurationList = BD37D7582C5A2DA500EA8F5D /* Build configuration list for PBXProject "toDoList" */;
			compatibilityVersion = "Xcode 14.0";
			developmentRegion = en;
			hasScannedForEncodings = 0;
			knownRegions = (
				en,
				Base,
			);
			mainGroup = BD37D7542C5A2DA500EA8F5D;
			productRefGroup = BD37D75E2C5A2DA500EA8F5D /* Products */;
			projectDirPath = "";
			projectRoot = "";
			targets = (
				BD37D75C2C5A2DA500EA8F5D /* toDoList */,
				BD37D76C2C5A2DA700EA8F5D /* toDoListTests */,
				BD37D7762C5A2DA700EA8F5D /* toDoListUITests */,
			);
		};
/* End PBXProject section */

/* Begin PBXResourcesBuildPhase section */
		BD37D75B2C5A2DA500EA8F5D /* Resources */ = {
			isa = PBXResourcesBuildPhase;
			buildActionMask = 2147483647;
			files = (
				BD37D7682C5A2DA700EA8F5D /* Preview Assets.xcassets in Resources */,
				BD37D7652C5A2DA700EA8F5D /* Assets.xcassets in Resources */,
			);
			runOnlyForDeploymentPostprocessing = 0;
		};
		BD37D76B2C5A2DA700EA8F5D /* Resources */ = {
			isa = PBXResourcesBuildPhase;
			buildActionMask = 2147483647;
			files = (
			);
			runOnlyForDeploymentPostprocessing = 0;
		};
		BD37D7752C5A2DA700EA8F5D /* Resources */ = {
			isa = PBXResourcesBuildPhase;
			buildActionMask = 2147483647;
			files = (
			);
			runOnlyForDeploymentPostprocessing = 0;
		};
/* End PBXResourcesBuildPhase section */

/* Begin PBXSourcesBuildPhase section */
		BD37D7592C5A2DA500EA8F5D /* Sources */ = {
			isa = PBXSourcesBuildPhase;
			buildActionMask = 2147483647;
			files = (
				BD37D7632C5A2DA500EA8F5D /* ContentView.swift in Sources */,
				BD37D78B2C5A2F6F00EA8F5D /* newToDoView.swift in Sources */,
				BD37D7612C5A2DA500EA8F5D /* toDoListApp.swift in Sources */,
			);
			runOnlyForDeploymentPostprocessing = 0;
		};
		BD37D7692C5A2DA700EA8F5D /* Sources */ = {
			isa = PBXSourcesBuildPhase;
			buildActionMask = 2147483647;
			files = (
				BD37D7722C5A2DA700EA8F5D /* toDoListTests.swift in Sources */,
			);
			runOnlyForDeploymentPostprocessing = 0;
		};
		BD37D7732C5A2DA700EA8F5D /* Sources */ = {
			isa = PBXSourcesBuildPhase;
			buildActionMask = 2147483647;
			files = (
				BD37D77E2C5A2DA700EA8F5D /* toDoListUITestsLaunchTests.swift in Sources */,
				BD37D77C2C5A2DA700EA8F5D /* toDoListUITests.swift in Sources */,
			);
			runOnlyForDeploymentPostprocessing = 0;
		};
/* End PBXSourcesBuildPhase section */

/* Begin PBXTargetDependency section */
		BD37D76F2C5A2DA700EA8F5D /* PBXTargetDependency */ = {
			isa = PBXTargetDependency;
			target = BD37D75C2C5A2DA500EA8F5D /* toDoList */;
			targetProxy = BD37D76E2C5A2DA700EA8F5D /* PBXContainerItemProxy */;
		};
		BD37D7792C5A2DA700EA8F5D /* PBXTargetDependency */ = {
			isa = PBXTargetDependency;
			target = BD37D75C2C5A2DA500EA8F5D /* toDoList */;
			targetProxy = BD37D7782C5A2DA700EA8F5D /* PBXContainerItemProxy */;
		};
/* End PBXTargetDependency section */

/* Begin XCBuildConfiguration section */
		BD37D77F2C5A2DA700EA8F5D /* Debug */ = {
			isa = XCBuildConfiguration;
			buildSettings = {
				ALWAYS_SEARCH_USER_PATHS = NO;
				ASSETCATALOG_COMPILER_GENERATE_SWIFT_ASSET_SYMBOL_EXTENSIONS = YES;
				CLANG_ANALYZER_NONNULL = YES;
				CLANG_ANALYZER_NUMBER_OBJECT_CONVERSION = YES_AGGRESSIVE;
				CLANG_CXX_LANGUAGE_STANDARD = "gnu++20";
				CLANG_ENABLE_MODULES = YES;
				CLANG_ENABLE_OBJC_ARC = YES;
				CLANG_ENABLE_OBJC_WEAK = YES;
				CLANG_WARN_BLOCK_CAPTURE_AUTORELEASING = YES;
				CLANG_WARN_BOOL_CONVERSION = YES;
				CLANG_WARN_COMMA = YES;
				CLANG_WARN_CONSTANT_CONVERSION = YES;
				CLANG_WARN_DEPRECATED_OBJC_IMPLEMENTATIONS = YES;
				CLANG_WARN_DIRECT_OBJC_ISA_USAGE = YES_ERROR;
				CLANG_WARN_DOCUMENTATION_COMMENTS = YES;
				CLANG_WARN_EMPTY_BODY = YES;
				CLANG_WARN_ENUM_CONVERSION = YES;
				CLANG_WARN_INFINITE_RECURSION = YES;
				CLANG_WARN_INT_CONVERSION = YES;
				CLANG_WARN_NON_LITERAL_NULL_CONVERSION = YES;
				CLANG_WARN_OBJC_IMPLICIT_RETAIN_SELF = YES;
				CLANG_WARN_OBJC_LITERAL_CONVERSION = YES;
				CLANG_WARN_OBJC_ROOT_CLASS = YES_ERROR;
				CLANG_WARN_QUOTED_INCLUDE_IN_FRAMEWORK_HEADER = YES;
				CLANG_WARN_RANGE_LOOP_ANALYSIS = YES;
				CLANG_WARN_STRICT_PROTOTYPES = YES;
				CLANG_WARN_SUSPICIOUS_MOVE = YES;
				CLANG_WARN_UNGUARDED_AVAILABILITY = YES_AGGRESSIVE;
				CLANG_WARN_UNREACHABLE_CODE = YES;
				CLANG_WARN__DUPLICATE_METHOD_MATCH = YES;
				COPY_PHASE_STRIP = NO;
				DEBUG_INFORMATION_FORMAT = dwarf;
				ENABLE_STRICT_OBJC_MSGSEND = YES;
				ENABLE_TESTABILITY = YES;
				ENABLE_USER_SCRIPT_SANDBOXING = YES;
				GCC_C_LANGUAGE_STANDARD = gnu17;
				GCC_DYNAMIC_NO_PIC = NO;
				GCC_NO_COMMON_BLOCKS = YES;
				GCC_OPTIMIZATION_LEVEL = 0;
				GCC_PREPROCESSOR_DEFINITIONS = (
					"DEBUG=1",
					"$(inherited)",
				);
				GCC_WARN_64_TO_32_BIT_CONVERSION = YES;
				GCC_WARN_ABOUT_RETURN_TYPE = YES_ERROR;
				GCC_WARN_UNDECLARED_SELECTOR = YES;
				GCC_WARN_UNINITIALIZED_AUTOS = YES_AGGRESSIVE;
				GCC_WARN_UNUSED_FUNCTION = YES;
				GCC_WARN_UNUSED_VARIABLE = YES;
				IPHONEOS_DEPLOYMENT_TARGET = 17.5;
				LOCALIZATION_PREFERS_STRING_CATALOGS = YES;
				MTL_ENABLE_DEBUG_INFO = INCLUDE_SOURCE;
				MTL_FAST_MATH = YES;
				ONLY_ACTIVE_ARCH = YES;
				SDKROOT = iphoneos;
				SWIFT_ACTIVE_COMPILATION_CONDITIONS = "DEBUG $(inherited)";
				SWIFT_OPTIMIZATION_LEVEL = "-Onone";
			};
			name = Debug;
		};
		BD37D7802C5A2DA700EA8F5D /* Release */ = {
			isa = XCBuildConfiguration;
			buildSettings = {
				ALWAYS_SEARCH_USER_PATHS = NO;
				ASSETCATALOG_COMPILER_GENERATE_SWIFT_ASSET_SYMBOL_EXTENSIONS = YES;
				CLANG_ANALYZER_NONNULL = YES;
				CLANG_ANALYZER_NUMBER_OBJECT_CONVERSION = YES_AGGRESSIVE;
				CLANG_CXX_LANGUAGE_STANDARD = "gnu++20";
				CLANG_ENABLE_MODULES = YES;
				CLANG_ENABLE_OBJC_ARC = YES;
				CLANG_ENABLE_OBJC_WEAK = YES;
				CLANG_WARN_BLOCK_CAPTURE_AUTORELEASING = YES;
				CLANG_WARN_BOOL_CONVERSION = YES;
				CLANG_WARN_COMMA = YES;
				CLANG_WARN_CONSTANT_CONVERSION = YES;
				CLANG_WARN_DEPRECATED_OBJC_IMPLEMENTATIONS = YES;
				CLANG_WARN_DIRECT_OBJC_ISA_USAGE = YES_ERROR;
				CLANG_WARN_DOCUMENTATION_COMMENTS = YES;
				CLANG_WARN_EMPTY_BODY = YES;
				CLANG_WARN_ENUM_CONVERSION = YES;
				CLANG_WARN_INFINITE_RECURSION = YES;
				CLANG_WARN_INT_CONVERSION = YES;
				CLANG_WARN_NON_LITERAL_NULL_CONVERSION = YES;
				CLANG_WARN_OBJC_IMPLICIT_RETAIN_SELF = YES;
				CLANG_WARN_OBJC_LITERAL_CONVERSION = YES;
				CLANG_WARN_OBJC_ROOT_CLASS = YES_ERROR;
				CLANG_WARN_QUOTED_INCLUDE_IN_FRAMEWORK_HEADER = YES;
				CLANG_WARN_RANGE_LOOP_ANALYSIS = YES;
				CLANG_WARN_STRICT_PROTOTYPES = YES;
				CLANG_WARN_SUSPICIOUS_MOVE = YES;
				CLANG_WARN_UNGUARDED_AVAILABILITY = YES_AGGRESSIVE;
				CLANG_WARN_UNREACHABLE_CODE = YES;
				CLANG_WARN__DUPLICATE_METHOD_MATCH = YES;
				COPY_PHASE_STRIP = NO;
				DEBUG_INFORMATION_FORMAT = "dwarf-with-dsym";
				ENABLE_NS_ASSERTIONS = NO;
				ENABLE_STRICT_OBJC_MSGSEND = YES;
				ENABLE_USER_SCRIPT_SANDBOXING = YES;
				GCC_C_LANGUAGE_STANDARD = gnu17;
				GCC_NO_COMMON_BLOCKS = YES;
				GCC_WARN_64_TO_32_BIT_CONVERSION = YES;
				GCC_WARN_ABOUT_RETURN_TYPE = YES_ERROR;
				GCC_WARN_UNDECLARED_SELECTOR = YES;
				GCC_WARN_UNINITIALIZED_AUTOS = YES_AGGRESSIVE;
				GCC_WARN_UNUSED_FUNCTION = YES;
				GCC_WARN_UNUSED_VARIABLE = YES;
				IPHONEOS_DEPLOYMENT_TARGET = 17.5;
				LOCALIZATION_PREFERS_STRING_CATALOGS = YES;
				MTL_ENABLE_DEBUG_INFO = NO;
				MTL_FAST_MATH = YES;
				SDKROOT = iphoneos;
				SWIFT_COMPILATION_MODE = wholemodule;
				VALIDATE_PRODUCT = YES;
			};
			name = Release;
		};
		BD37D7822C5A2DA700EA8F5D /* Debug */ = {
			isa = XCBuildConfiguration;
			buildSettings = {
				ASSETCATALOG_COMPILER_APPICON_NAME = AppIcon;
				ASSETCATALOG_COMPILER_GLOBAL_ACCENT_COLOR_NAME = AccentColor;
				CODE_SIGN_STYLE = Automatic;
				CURRENT_PROJECT_VERSION = 1;
				DEVELOPMENT_ASSET_PATHS = "\"toDoList/Preview Content\"";
				ENABLE_PREVIEWS = YES;
				GENERATE_INFOPLIST_FILE = YES;
				INFOPLIST_KEY_UIApplicationSceneManifest_Generation = YES;
				INFOPLIST_KEY_UIApplicationSupportsIndirectInputEvents = YES;
				INFOPLIST_KEY_UILaunchScreen_Generation = YES;
				INFOPLIST_KEY_UISupportedInterfaceOrientations_iPad = "UIInterfaceOrientationPortrait UIInterfaceOrientationPortraitUpsideDown UIInterfaceOrientationLandscapeLeft UIInterfaceOrientationLandscapeRight";
				INFOPLIST_KEY_UISupportedInterfaceOrientations_iPhone = "UIInterfaceOrientationPortrait UIInterfaceOrientationLandscapeLeft UIInterfaceOrientationLandscapeRight";
				LD_RUNPATH_SEARCH_PATHS = (
					"$(inherited)",
					"@executable_path/Frameworks",
				);
				MARKETING_VERSION = 1.0;
				PRODUCT_BUNDLE_IDENTIFIER = kwk.toDoList;
				PRODUCT_NAME = "$(TARGET_NAME)";
				SWIFT_EMIT_LOC_STRINGS = YES;
				SWIFT_VERSION = 5.0;
				TARGETED_DEVICE_FAMILY = "1,2";
			};
			name = Debug;
		};
		BD37D7832C5A2DA700EA8F5D /* Release */ = {
			isa = XCBuildConfiguration;
			buildSettings = {
				ASSETCATALOG_COMPILER_APPICON_NAME = AppIcon;
				ASSETCATALOG_COMPILER_GLOBAL_ACCENT_COLOR_NAME = AccentColor;
				CODE_SIGN_STYLE = Automatic;
				CURRENT_PROJECT_VERSION = 1;
				DEVELOPMENT_ASSET_PATHS = "\"toDoList/Preview Content\"";
				ENABLE_PREVIEWS = YES;
				GENERATE_INFOPLIST_FILE = YES;
				INFOPLIST_KEY_UIApplicationSceneManifest_Generation = YES;
				INFOPLIST_KEY_UIApplicationSupportsIndirectInputEvents = YES;
				INFOPLIST_KEY_UILaunchScreen_Generation = YES;
				INFOPLIST_KEY_UISupportedInterfaceOrientations_iPad = "UIInterfaceOrientationPortrait UIInterfaceOrientationPortraitUpsideDown UIInterfaceOrientationLandscapeLeft UIInterfaceOrientationLandscapeRight";
				INFOPLIST_KEY_UISupportedInterfaceOrientations_iPhone = "UIInterfaceOrientationPortrait UIInterfaceOrientationLandscapeLeft UIInterfaceOrientationLandscapeRight";
				LD_RUNPATH_SEARCH_PATHS = (
					"$(inherited)",
					"@executable_path/Frameworks",
				);
				MARKETING_VERSION = 1.0;
				PRODUCT_BUNDLE_IDENTIFIER = kwk.toDoList;
				PRODUCT_NAME = "$(TARGET_NAME)";
				SWIFT_EMIT_LOC_STRINGS = YES;
				SWIFT_VERSION = 5.0;
				TARGETED_DEVICE_FAMILY = "1,2";
			};
			name = Release;
		};
		BD37D7852C5A2DA700EA8F5D /* Debug */ = {
			isa = XCBuildConfiguration;
			buildSettings = {
				ALWAYS_EMBED_SWIFT_STANDARD_LIBRARIES = YES;
				BUNDLE_LOADER = "$(TEST_HOST)";
				CODE_SIGN_STYLE = Automatic;
				CURRENT_PROJECT_VERSION = 1;
				GENERATE_INFOPLIST_FILE = YES;
				IPHONEOS_DEPLOYMENT_TARGET = 17.5;
				MARKETING_VERSION = 1.0;
				PRODUCT_BUNDLE_IDENTIFIER = kwk.toDoListTests;
				PRODUCT_NAME = "$(TARGET_NAME)";
				SWIFT_EMIT_LOC_STRINGS = NO;
				SWIFT_VERSION = 5.0;
				TARGETED_DEVICE_FAMILY = "1,2";
				TEST_HOST = "$(BUILT_PRODUCTS_DIR)/toDoList.app/$(BUNDLE_EXECUTABLE_FOLDER_PATH)/toDoList";
			};
			name = Debug;
		};
		BD37D7862C5A2DA700EA8F5D /* Release */ = {
			isa = XCBuildConfiguration;
			buildSettings = {
				ALWAYS_EMBED_SWIFT_STANDARD_LIBRARIES = YES;
				BUNDLE_LOADER = "$(TEST_HOST)";
				CODE_SIGN_STYLE = Automatic;
				CURRENT_PROJECT_VERSION = 1;
				GENERATE_INFOPLIST_FILE = YES;
				IPHONEOS_DEPLOYMENT_TARGET = 17.5;
				MARKETING_VERSION = 1.0;
				PRODUCT_BUNDLE_IDENTIFIER = kwk.toDoListTests;
				PRODUCT_NAME = "$(TARGET_NAME)";
				SWIFT_EMIT_LOC_STRINGS = NO;
				SWIFT_VERSION = 5.0;
				TARGETED_DEVICE_FAMILY = "1,2";
				TEST_HOST = "$(BUILT_PRODUCTS_DIR)/toDoList.app/$(BUNDLE_EXECUTABLE_FOLDER_PATH)/toDoList";
			};
			name = Release;
		};
		BD37D7882C5A2DA700EA8F5D /* Debug */ = {
			isa = XCBuildConfiguration;
			buildSettings = {
				ALWAYS_EMBED_SWIFT_STANDARD_LIBRARIES = YES;
				CODE_SIGN_STYLE = Automatic;
				CURRENT_PROJECT_VERSION = 1;
				GENERATE_INFOPLIST_FILE = YES;
				MARKETING_VERSION = 1.0;
				PRODUCT_BUNDLE_IDENTIFIER = kwk.toDoListUITests;
				PRODUCT_NAME = "$(TARGET_NAME)";
				SWIFT_EMIT_LOC_STRINGS = NO;
				SWIFT_VERSION = 5.0;
				TARGETED_DEVICE_FAMILY = "1,2";
				TEST_TARGET_NAME = toDoList;
			};
			name = Debug;
		};
		BD37D7892C5A2DA700EA8F5D /* Release */ = {
			isa = XCBuildConfiguration;
			buildSettings = {
				ALWAYS_EMBED_SWIFT_STANDARD_LIBRARIES = YES;
				CODE_SIGN_STYLE = Automatic;
				CURRENT_PROJECT_VERSION = 1;
				GENERATE_INFOPLIST_FILE = YES;
				MARKETING_VERSION = 1.0;
				PRODUCT_BUNDLE_IDENTIFIER = kwk.toDoListUITests;
				PRODUCT_NAME = "$(TARGET_NAME)";
				SWIFT_EMIT_LOC_STRINGS = NO;
				SWIFT_VERSION = 5.0;
				TARGETED_DEVICE_FAMILY = "1,2";
				TEST_TARGET_NAME = toDoList;
			};
			name = Release;
		};
/* End XCBuildConfiguration section */

/* Begin XCConfigurationList section */
		BD37D7582C5A2DA500EA8F5D /* Build configuration list for PBXProject "toDoList" */ = {
			isa = XCConfigurationList;
			buildConfigurations = (
				BD37D77F2C5A2DA700EA8F5D /* Debug */,
				BD37D7802C5A2DA700EA8F5D /* Release */,
			);
			defaultConfigurationIsVisible = 0;
			defaultConfigurationName = Release;
		};
		BD37D7812C5A2DA700EA8F5D /* Build configuration list for PBXNativeTarget "toDoList" */ = {
			isa = XCConfigurationList;
			buildConfigurations = (
				BD37D7822C5A2DA700EA8F5D /* Debug */,
				BD37D7832C5A2DA700EA8F5D /* Release */,
			);
			defaultConfigurationIsVisible = 0;
			defaultConfigurationName = Release;
		};
		BD37D7842C5A2DA700EA8F5D /* Build configuration list for PBXNativeTarget "toDoListTests" */ = {
			isa = XCConfigurationList;
			buildConfigurations = (
				BD37D7852C5A2DA700EA8F5D /* Debug */,
				BD37D7862C5A2DA700EA8F5D /* Release */,
			);
			defaultConfigurationIsVisible = 0;
			defaultConfigurationName = Release;
		};
		BD37D7872C5A2DA700EA8F5D /* Build configuration list for PBXNativeTarget "toDoListUITests" */ = {
			isa = XCConfigurationList;
			buildConfigurations = (
				BD37D7882C5A2DA700EA8F5D /* Debug */,
				BD37D7892C5A2DA700EA8F5D /* Release */,
			);
			defaultConfigurationIsVisible = 0;
			defaultConfigurationName = Release;
		};
/* End XCConfigurationList section */
	};
	rootObject = BD37D7552C5A2DA500EA8F5D /* Project object */;
}
